
Microsoft Visual Studio Solution File, Format Version 12.00
# Visual Studio Version 16
VisualStudioVersion = 16.0.29519.87
MinimumVisualStudioVersion = 10.0.40219.1
Project("{FAE04EC0-301F-11D3-BF4B-00C04F79EFBC}") = "UserMaintenance", "UserMaintenance.csproj", "{28BDA515-5E26-4C70-A448-73E76559A2CF}"
EndProject
Global
	GlobalSection(SolutionConfigurationPlatforms) = preSolution
		Debug|Any CPU = Debug|Any CPU
		Release|Any CPU = Release|Any CPU
	EndGlobalSection
	GlobalSection(ProjectConfigurationPlatforms) = postSolution
		{28BDA515-5E26-4C70-A448-73E76559A2CF}.Debug|Any CPU.ActiveCfg = Debug|Any CPU
		{28BDA515-5E26-4C70-A448-73E76559A2CF}.Debug|Any CPU.Build.0 = Debug|Any CPU
		{28BDA515-5E26-4C70-A448-73E76559A2CF}.Release|Any CPU.ActiveCfg = Release|Any CPU
		{28BDA515-5E26-4C70-A448-73E76559A2CF}.Release|Any CPU.Build.0 = Release|Any CPU
	EndGlobalSection
	GlobalSection(SolutionProperties) = preSolution
		HideSolutionNode = FALSE
	EndGlobalSection
	GlobalSection(ExtensibilityGlobals) = postSolution
		SolutionGuid = {7C2B9A48-11C2-43B4-8CC0-567A807E1704}
	EndGlobalSection
EndGlobal
